
Microsoft Visual Studio Solution File, Format Version 12.00
# Visual Studio 2013
VisualStudioVersion = 12.0.31101.0
MinimumVisualStudioVersion = 10.0.40219.1
Project("{2150E333-8FDC-42A3-9474-1A3956D46DE8}") = "Server", "Server", "{A9FF09F6-181C-406F-AD57-43B2CBD8F302}"
EndProject
Project("{FAE04EC0-301F-11D3-BF4B-00C04F79EFBC}") = "OpenSMIL.Server", "OpenSMIL.Server\OpenSMIL.Server.csproj", "{2ABBD613-353D-470A-A665-77B397967DAF}"
EndProject
Project("{2150E333-8FDC-42A3-9474-1A3956D46DE8}") = "2013", "2013", "{923821FC-B395-486A-8F0F-A2C8BACF57AC}"
EndProject
Project("{2150E333-8FDC-42A3-9474-1A3956D46DE8}") = "Client", "Client", "{16446948-0573-42FF-9FEA-3505199EDCC1}"
EndProject
Project("{FAE04EC0-301F-11D3-BF4B-00C04F79EFBC}") = "OpenSMIL.Client", "OpenSMIL.Client\OpenSMIL.Client.csproj", "{DF326935-ED5F-4FDB-B3A4-A3E5022FC9BF}"
EndProject
Project("{2150E333-8FDC-42A3-9474-1A3956D46DE8}") = "Fields", "Fields", "{573C1BA7-E2F3-47AF-893D-83B4942D9438}"
EndProject
Project("{FAE04EC0-301F-11D3-BF4B-00C04F79EFBC}") = "OpenSMIL.Fields.ValidateAddress", "OpenSMIL.Fields.ValidateAddress\OpenSMIL.Fields.ValidateAddress.csproj", "{4096AC8C-532B-4493-ADE3-928719832F06}"
EndProject
Project("{FAE04EC0-301F-11D3-BF4B-00C04F79EFBC}") = "OpenSMIL.Server.SMILLayers", "OpenSMIL.Server.SMILLayers\OpenSMIL.Server.SMILLayers.csproj", "{C9B42634-D2FA-44E6-A482-A386A8D93D9C}"
	ProjectSection(ProjectDependencies) = postProject
		{605F1D69-70DA-4AB1-B4D8-DC44B906364B} = {605F1D69-70DA-4AB1-B4D8-DC44B906364B}
	EndProjectSection
EndProject
Project("{FAE04EC0-301F-11D3-BF4B-00C04F79EFBC}") = "OpenSMIL.Server.Extensions", "OpenSMIL.Server.Extensions\OpenSMIL.Server.Extensions.csproj", "{605F1D69-70DA-4AB1-B4D8-DC44B906364B}"
EndProject
Project("{FAE04EC0-301F-11D3-BF4B-00C04F79EFBC}") = "OpenSMIL.Fields.Geometry", "OpenSMIL.Fields.Geometry\OpenSMIL.Fields.Geometry.csproj", "{0F427822-D511-4189-B5C6-A29B3F680AB9}"
EndProject
Project("{FAE04EC0-301F-11D3-BF4B-00C04F79EFBC}") = "OpenSMIL.Server.BingServices", "OpenSMIL.Server.BingServices\OpenSMIL.Server.BingServices.csproj", "{2F901531-7EF7-42A2-84A3-46F3B57F85DA}"
EndProject
Project("{2150E333-8FDC-42A3-9474-1A3956D46DE8}") = "Actions", "Actions", "{5D99BEFE-17B8-4E30-8ECB-0AFCDAAC8248}"
EndProject
Project("{FAE04EC0-301F-11D3-BF4B-00C04F79EFBC}") = "OpenSMIL.CustomActions", "OpenSMIL.CustomActions\OpenSMIL.CustomActions.csproj", "{74A33D51-3CA8-4D29-BE61-DAD26EE5DE56}"
EndProject
Project("{FAE04EC0-301F-11D3-BF4B-00C04F79EFBC}") = "OpenSMIL.Server.IO", "OpenSMIL.Server.IO\OpenSMIL.Server.IO.csproj", "{2A78B455-5ABD-4932-AE6D-254832D92B83}"
EndProject
Project("{FAE04EC0-301F-11D3-BF4B-00C04F79EFBC}") = "OpenSMIL.Server.SPBase", "OpenSMIL.Server.SPBase\OpenSMIL.Server.SPBase.csproj", "{45AEB3D0-BF9D-4143-BDF2-45A1A74E40B9}"
EndProject
Project("{FAE04EC0-301F-11D3-BF4B-00C04F79EFBC}") = "OpenSMIL.Server.ExternalReferences", "OpenSMIL.Server.ExternalReferences\OpenSMIL.Server.ExternalReferences.csproj", "{F102BACC-3D0B-4CA5-BA1F-4DC9306241F5}"
EndProject
Project("{FAE04EC0-301F-11D3-BF4B-00C04F79EFBC}") = "OpenSMIL.Server.SimpleFeature", "OpenSMIL.Server.SimpleFeature\OpenSMIL.Server.SimpleFeature.csproj", "{E2A0F7E0-007E-4AC0-B522-06D0072F6A16}"
EndProject
Project("{FAE04EC0-301F-11D3-BF4B-00C04F79EFBC}") = "OpenSMIL.MobileClient", "OpenSMIL.MobileClient\OpenSMIL.MobileClient.csproj", "{D48E0D3D-A2FB-4170-BA27-F71EFBE0F8D7}"
EndProject
Global
	GlobalSection(SolutionConfigurationPlatforms) = preSolution
		Debug|Any CPU = Debug|Any CPU
		Release|Any CPU = Release|Any CPU
	EndGlobalSection
	GlobalSection(ProjectConfigurationPlatforms) = postSolution
		{2ABBD613-353D-470A-A665-77B397967DAF}.Debug|Any CPU.ActiveCfg = Debug|Any CPU
		{2ABBD613-353D-470A-A665-77B397967DAF}.Debug|Any CPU.Build.0 = Debug|Any CPU
		{2ABBD613-353D-470A-A665-77B397967DAF}.Debug|Any CPU.Deploy.0 = Debug|Any CPU
		{2ABBD613-353D-470A-A665-77B397967DAF}.Release|Any CPU.ActiveCfg = Release|Any CPU
		{2ABBD613-353D-470A-A665-77B397967DAF}.Release|Any CPU.Build.0 = Release|Any CPU
		{2ABBD613-353D-470A-A665-77B397967DAF}.Release|Any CPU.Deploy.0 = Release|Any CPU
		{DF326935-ED5F-4FDB-B3A4-A3E5022FC9BF}.Debug|Any CPU.ActiveCfg = Debug|Any CPU
		{DF326935-ED5F-4FDB-B3A4-A3E5022FC9BF}.Debug|Any CPU.Build.0 = Debug|Any CPU
		{DF326935-ED5F-4FDB-B3A4-A3E5022FC9BF}.Debug|Any CPU.Deploy.0 = Debug|Any CPU
		{DF326935-ED5F-4FDB-B3A4-A3E5022FC9BF}.Release|Any CPU.ActiveCfg = Release|Any CPU
		{DF326935-ED5F-4FDB-B3A4-A3E5022FC9BF}.Release|Any CPU.Build.0 = Release|Any CPU
		{DF326935-ED5F-4FDB-B3A4-A3E5022FC9BF}.Release|Any CPU.Deploy.0 = Release|Any CPU
		{4096AC8C-532B-4493-ADE3-928719832F06}.Debug|Any CPU.ActiveCfg = Debug|Any CPU
		{4096AC8C-532B-4493-ADE3-928719832F06}.Debug|Any CPU.Build.0 = Debug|Any CPU
		{4096AC8C-532B-4493-ADE3-928719832F06}.Debug|Any CPU.Deploy.0 = Debug|Any CPU
		{4096AC8C-532B-4493-ADE3-928719832F06}.Release|Any CPU.ActiveCfg = Release|Any CPU
		{4096AC8C-532B-4493-ADE3-928719832F06}.Release|Any CPU.Build.0 = Release|Any CPU
		{4096AC8C-532B-4493-ADE3-928719832F06}.Release|Any CPU.Deploy.0 = Release|Any CPU
		{C9B42634-D2FA-44E6-A482-A386A8D93D9C}.Debug|Any CPU.ActiveCfg = Debug|Any CPU
		{C9B42634-D2FA-44E6-A482-A386A8D93D9C}.Debug|Any CPU.Build.0 = Debug|Any CPU
		{C9B42634-D2FA-44E6-A482-A386A8D93D9C}.Debug|Any CPU.Deploy.0 = Debug|Any CPU
		{C9B42634-D2FA-44E6-A482-A386A8D93D9C}.Release|Any CPU.ActiveCfg = Release|Any CPU
		{C9B42634-D2FA-44E6-A482-A386A8D93D9C}.Release|Any CPU.Build.0 = Release|Any CPU
		{C9B42634-D2FA-44E6-A482-A386A8D93D9C}.Release|Any CPU.Deploy.0 = Release|Any CPU
		{605F1D69-70DA-4AB1-B4D8-DC44B906364B}.Debug|Any CPU.ActiveCfg = Debug|Any CPU
		{605F1D69-70DA-4AB1-B4D8-DC44B906364B}.Debug|Any CPU.Build.0 = Debug|Any CPU
		{605F1D69-70DA-4AB1-B4D8-DC44B906364B}.Debug|Any CPU.Deploy.0 = Debug|Any CPU
		{605F1D69-70DA-4AB1-B4D8-DC44B906364B}.Release|Any CPU.ActiveCfg = Release|Any CPU
		{605F1D69-70DA-4AB1-B4D8-DC44B906364B}.Release|Any CPU.Build.0 = Release|Any CPU
		{605F1D69-70DA-4AB1-B4D8-DC44B906364B}.Release|Any CPU.Deploy.0 = Release|Any CPU
		{0F427822-D511-4189-B5C6-A29B3F680AB9}.Debug|Any CPU.ActiveCfg = Debug|Any CPU
		{0F427822-D511-4189-B5C6-A29B3F680AB9}.Debug|Any CPU.Build.0 = Debug|Any CPU
		{0F427822-D511-4189-B5C6-A29B3F680AB9}.Debug|Any CPU.Deploy.0 = Debug|Any CPU
		{0F427822-D511-4189-B5C6-A29B3F680AB9}.Release|Any CPU.ActiveCfg = Release|Any CPU
		{0F427822-D511-4189-B5C6-A29B3F680AB9}.Release|Any CPU.Build.0 = Release|Any CPU
		{0F427822-D511-4189-B5C6-A29B3F680AB9}.Release|Any CPU.Deploy.0 = Release|Any CPU
		{2F901531-7EF7-42A2-84A3-46F3B57F85DA}.Debug|Any CPU.ActiveCfg = Debug|Any CPU
		{2F901531-7EF7-42A2-84A3-46F3B57F85DA}.Debug|Any CPU.Build.0 = Debug|Any CPU
		{2F901531-7EF7-42A2-84A3-46F3B57F85DA}.Debug|Any CPU.Deploy.0 = Debug|Any CPU
		{2F901531-7EF7-42A2-84A3-46F3B57F85DA}.Release|Any CPU.ActiveCfg = Release|Any CPU
		{2F901531-7EF7-42A2-84A3-46F3B57F85DA}.Release|Any CPU.Build.0 = Release|Any CPU
		{2F901531-7EF7-42A2-84A3-46F3B57F85DA}.Release|Any CPU.Deploy.0 = Release|Any CPU
		{74A33D51-3CA8-4D29-BE61-DAD26EE5DE56}.Debug|Any CPU.ActiveCfg = Debug|Any CPU
		{74A33D51-3CA8-4D29-BE61-DAD26EE5DE56}.Debug|Any CPU.Build.0 = Debug|Any CPU
		{74A33D51-3CA8-4D29-BE61-DAD26EE5DE56}.Debug|Any CPU.Deploy.0 = Debug|Any CPU
		{74A33D51-3CA8-4D29-BE61-DAD26EE5DE56}.Release|Any CPU.ActiveCfg = Release|Any CPU
		{74A33D51-3CA8-4D29-BE61-DAD26EE5DE56}.Release|Any CPU.Build.0 = Release|Any CPU
		{74A33D51-3CA8-4D29-BE61-DAD26EE5DE56}.Release|Any CPU.Deploy.0 = Release|Any CPU
		{2A78B455-5ABD-4932-AE6D-254832D92B83}.Debug|Any CPU.ActiveCfg = Debug|Any CPU
		{2A78B455-5ABD-4932-AE6D-254832D92B83}.Debug|Any CPU.Build.0 = Debug|Any CPU
		{2A78B455-5ABD-4932-AE6D-254832D92B83}.Debug|Any CPU.Deploy.0 = Debug|Any CPU
		{2A78B455-5ABD-4932-AE6D-254832D92B83}.Release|Any CPU.ActiveCfg = Release|Any CPU
		{2A78B455-5ABD-4932-AE6D-254832D92B83}.Release|Any CPU.Build.0 = Release|Any CPU
		{2A78B455-5ABD-4932-AE6D-254832D92B83}.Release|Any CPU.Deploy.0 = Release|Any CPU
		{45AEB3D0-BF9D-4143-BDF2-45A1A74E40B9}.Debug|Any CPU.ActiveCfg = Debug|Any CPU
		{45AEB3D0-BF9D-4143-BDF2-45A1A74E40B9}.Debug|Any CPU.Build.0 = Debug|Any CPU
		{45AEB3D0-BF9D-4143-BDF2-45A1A74E40B9}.Debug|Any CPU.Deploy.0 = Debug|Any CPU
		{45AEB3D0-BF9D-4143-BDF2-45A1A74E40B9}.Release|Any CPU.ActiveCfg = Release|Any CPU
		{45AEB3D0-BF9D-4143-BDF2-45A1A74E40B9}.Release|Any CPU.Build.0 = Release|Any CPU
		{45AEB3D0-BF9D-4143-BDF2-45A1A74E40B9}.Release|Any CPU.Deploy.0 = Release|Any CPU
		{F102BACC-3D0B-4CA5-BA1F-4DC9306241F5}.Debug|Any CPU.ActiveCfg = Debug|Any CPU
		{F102BACC-3D0B-4CA5-BA1F-4DC9306241F5}.Debug|Any CPU.Build.0 = Debug|Any CPU
		{F102BACC-3D0B-4CA5-BA1F-4DC9306241F5}.Debug|Any CPU.Deploy.0 = Debug|Any CPU
		{F102BACC-3D0B-4CA5-BA1F-4DC9306241F5}.Release|Any CPU.ActiveCfg = Release|Any CPU
		{F102BACC-3D0B-4CA5-BA1F-4DC9306241F5}.Release|Any CPU.Build.0 = Release|Any CPU
		{F102BACC-3D0B-4CA5-BA1F-4DC9306241F5}.Release|Any CPU.Deploy.0 = Release|Any CPU
		{E2A0F7E0-007E-4AC0-B522-06D0072F6A16}.Debug|Any CPU.ActiveCfg = Debug|Any CPU
		{E2A0F7E0-007E-4AC0-B522-06D0072F6A16}.Debug|Any CPU.Build.0 = Debug|Any CPU
		{E2A0F7E0-007E-4AC0-B522-06D0072F6A16}.Debug|Any CPU.Deploy.0 = Debug|Any CPU
		{E2A0F7E0-007E-4AC0-B522-06D0072F6A16}.Release|Any CPU.ActiveCfg = Release|Any CPU
		{E2A0F7E0-007E-4AC0-B522-06D0072F6A16}.Release|Any CPU.Build.0 = Release|Any CPU
		{E2A0F7E0-007E-4AC0-B522-06D0072F6A16}.Release|Any CPU.Deploy.0 = Release|Any CPU
		{D48E0D3D-A2FB-4170-BA27-F71EFBE0F8D7}.Debug|Any CPU.ActiveCfg = Debug|Any CPU
		{D48E0D3D-A2FB-4170-BA27-F71EFBE0F8D7}.Debug|Any CPU.Build.0 = Debug|Any CPU
		{D48E0D3D-A2FB-4170-BA27-F71EFBE0F8D7}.Debug|Any CPU.Deploy.0 = Debug|Any CPU
		{D48E0D3D-A2FB-4170-BA27-F71EFBE0F8D7}.Release|Any CPU.ActiveCfg = Release|Any CPU
		{D48E0D3D-A2FB-4170-BA27-F71EFBE0F8D7}.Release|Any CPU.Build.0 = Release|Any CPU
		{D48E0D3D-A2FB-4170-BA27-F71EFBE0F8D7}.Release|Any CPU.Deploy.0 = Release|Any CPU
	EndGlobalSection
	GlobalSection(SolutionProperties) = preSolution
		HideSolutionNode = FALSE
	EndGlobalSection
	GlobalSection(NestedProjects) = preSolution
		{A9FF09F6-181C-406F-AD57-43B2CBD8F302} = {923821FC-B395-486A-8F0F-A2C8BACF57AC}
		{2ABBD613-353D-470A-A665-77B397967DAF} = {A9FF09F6-181C-406F-AD57-43B2CBD8F302}
		{16446948-0573-42FF-9FEA-3505199EDCC1} = {923821FC-B395-486A-8F0F-A2C8BACF57AC}
		{DF326935-ED5F-4FDB-B3A4-A3E5022FC9BF} = {16446948-0573-42FF-9FEA-3505199EDCC1}
		{573C1BA7-E2F3-47AF-893D-83B4942D9438} = {923821FC-B395-486A-8F0F-A2C8BACF57AC}
		{4096AC8C-532B-4493-ADE3-928719832F06} = {573C1BA7-E2F3-47AF-893D-83B4942D9438}
		{C9B42634-D2FA-44E6-A482-A386A8D93D9C} = {A9FF09F6-181C-406F-AD57-43B2CBD8F302}
		{605F1D69-70DA-4AB1-B4D8-DC44B906364B} = {A9FF09F6-181C-406F-AD57-43B2CBD8F302}
		{0F427822-D511-4189-B5C6-A29B3F680AB9} = {573C1BA7-E2F3-47AF-893D-83B4942D9438}
		{2F901531-7EF7-42A2-84A3-46F3B57F85DA} = {A9FF09F6-181C-406F-AD57-43B2CBD8F302}
		{5D99BEFE-17B8-4E30-8ECB-0AFCDAAC8248} = {923821FC-B395-486A-8F0F-A2C8BACF57AC}
		{74A33D51-3CA8-4D29-BE61-DAD26EE5DE56} = {5D99BEFE-17B8-4E30-8ECB-0AFCDAAC8248}
		{2A78B455-5ABD-4932-AE6D-254832D92B83} = {A9FF09F6-181C-406F-AD57-43B2CBD8F302}
		{45AEB3D0-BF9D-4143-BDF2-45A1A74E40B9} = {A9FF09F6-181C-406F-AD57-43B2CBD8F302}
		{F102BACC-3D0B-4CA5-BA1F-4DC9306241F5} = {A9FF09F6-181C-406F-AD57-43B2CBD8F302}
		{E2A0F7E0-007E-4AC0-B522-06D0072F6A16} = {A9FF09F6-181C-406F-AD57-43B2CBD8F302}
		{D48E0D3D-A2FB-4170-BA27-F71EFBE0F8D7} = {16446948-0573-42FF-9FEA-3505199EDCC1}
	EndGlobalSection
EndGlobal
